// !$*UTF8*$!
{
	archiveVersion = 1;
	classes = {
	};
	objectVersion = 56;
	objects = {

/* Begin PBXBuildFile section */
		1D357D8D2B741F2E00606253 /* EssentialDeveloper.framework in Frameworks */ = {isa = PBXBuildFile; fileRef = 1D357D822B741F2E00606253 /* EssentialDeveloper.framework */; };
		1D357D922B741F2E00606253 /* RemoteFeedLoaderTests.swift in Sources */ = {isa = PBXBuildFile; fileRef = 1D357D912B741F2E00606253 /* RemoteFeedLoaderTests.swift */; };
		1D357D932B741F2E00606253 /* EssentialDeveloper.h in Headers */ = {isa = PBXBuildFile; fileRef = 1D357D852B741F2E00606253 /* EssentialDeveloper.h */; settings = {ATTRIBUTES = (Public, ); }; };
		1D357D9D2B757C4D00606253 /* FeedItem.swift in Sources */ = {isa = PBXBuildFile; fileRef = 1D357D9C2B757C4D00606253 /* FeedItem.swift */; };
		1D357D9F2B75841D00606253 /* FeedLoader.swift in Sources */ = {isa = PBXBuildFile; fileRef = 1D357D9E2B75841D00606253 /* FeedLoader.swift */; };
		1D357DA32B76BE1B00606253 /* RemoteFeedLoader.swift in Sources */ = {isa = PBXBuildFile; fileRef = 1D357DA22B76BE1B00606253 /* RemoteFeedLoader.swift */; };
		1D357DA62B77273A00606253 /* HTTPClient.swift in Sources */ = {isa = PBXBuildFile; fileRef = 1D357DA52B77273A00606253 /* HTTPClient.swift */; };
		1D357DA82B77279300606253 /* FeedItemsMapper.swift in Sources */ = {isa = PBXBuildFile; fileRef = 1D357DA72B77279300606253 /* FeedItemsMapper.swift */; };
		1D357DAB2B77BDCA00606253 /* HTTPClientTests.swift in Sources */ = {isa = PBXBuildFile; fileRef = 1D357DAA2B77BDCA00606253 /* HTTPClientTests.swift */; };
/* End PBXBuildFile section */

/* Begin PBXContainerItemProxy section */
		1D357D8E2B741F2E00606253 /* PBXContainerItemProxy */ = {
			isa = PBXContainerItemProxy;
			containerPortal = 1D357D792B741F2E00606253 /* Project object */;
			proxyType = 1;
			remoteGlobalIDString = 1D357D812B741F2E00606253;
			remoteInfo = EssentialDeveloper;
		};
/* End PBXContainerItemProxy section */

/* Begin PBXFileReference section */
		1D357D822B741F2E00606253 /* EssentialDeveloper.framework */ = {isa = PBXFileReference; explicitFileType = wrapper.framework; includeInIndex = 0; path = EssentialDeveloper.framework; sourceTree = BUILT_PRODUCTS_DIR; };
		1D357D852B741F2E00606253 /* EssentialDeveloper.h */ = {isa = PBXFileReference; lastKnownFileType = sourcecode.c.h; path = EssentialDeveloper.h; sourceTree = "<group>"; };
		1D357D8C2B741F2E00606253 /* EssentialDeveloperTests.xctest */ = {isa = PBXFileReference; explicitFileType = wrapper.cfbundle; includeInIndex = 0; path = EssentialDeveloperTests.xctest; sourceTree = BUILT_PRODUCTS_DIR; };
		1D357D912B741F2E00606253 /* RemoteFeedLoaderTests.swift */ = {isa = PBXFileReference; lastKnownFileType = sourcecode.swift; path = RemoteFeedLoaderTests.swift; sourceTree = "<group>"; };
		1D357D9C2B757C4D00606253 /* FeedItem.swift */ = {isa = PBXFileReference; lastKnownFileType = sourcecode.swift; path = FeedItem.swift; sourceTree = "<group>"; };
		1D357D9E2B75841D00606253 /* FeedLoader.swift */ = {isa = PBXFileReference; lastKnownFileType = sourcecode.swift; path = FeedLoader.swift; sourceTree = "<group>"; };
		1D357DA22B76BE1B00606253 /* RemoteFeedLoader.swift */ = {isa = PBXFileReference; lastKnownFileType = sourcecode.swift; path = RemoteFeedLoader.swift; sourceTree = "<group>"; };
		1D357DA52B77273A00606253 /* HTTPClient.swift */ = {isa = PBXFileReference; lastKnownFileType = sourcecode.swift; path = HTTPClient.swift; sourceTree = "<group>"; };
		1D357DA72B77279300606253 /* FeedItemsMapper.swift */ = {isa = PBXFileReference; lastKnownFileType = sourcecode.swift; path = FeedItemsMapper.swift; sourceTree = "<group>"; };
		1D357DAA2B77BDCA00606253 /* HTTPClientTests.swift */ = {isa = PBXFileReference; lastKnownFileType = sourcecode.swift; path = HTTPClientTests.swift; sourceTree = "<group>"; };
/* End PBXFileReference section */

/* Begin PBXFrameworksBuildPhase section */
		1D357D7F2B741F2E00606253 /* Frameworks */ = {
			isa = PBXFrameworksBuildPhase;
			buildActionMask = 2147483647;
			files = (
			);
			runOnlyForDeploymentPostprocessing = 0;
		};
		1D357D892B741F2E00606253 /* Frameworks */ = {
			isa = PBXFrameworksBuildPhase;
			buildActionMask = 2147483647;
			files = (
				1D357D8D2B741F2E00606253 /* EssentialDeveloper.framework in Frameworks */,
			);
			runOnlyForDeploymentPostprocessing = 0;
		};
/* End PBXFrameworksBuildPhase section */

/* Begin PBXGroup section */
		1D357D782B741F2E00606253 = {
			isa = PBXGroup;
			children = (
				1D357D842B741F2E00606253 /* EssentialDeveloper */,
				1D357D902B741F2E00606253 /* EssentialDeveloperTests */,
				1D357D832B741F2E00606253 /* Products */,
			);
			sourceTree = "<group>";
		};
		1D357D832B741F2E00606253 /* Products */ = {
			isa = PBXGroup;
			children = (
				1D357D822B741F2E00606253 /* EssentialDeveloper.framework */,
				1D357D8C2B741F2E00606253 /* EssentialDeveloperTests.xctest */,
			);
			name = Products;
			sourceTree = "<group>";
		};
		1D357D842B741F2E00606253 /* EssentialDeveloper */ = {
			isa = PBXGroup;
			children = (
				1D357D852B741F2E00606253 /* EssentialDeveloper.h */,
				1D357DA02B7585A000606253 /* Feed Feature */,
				1D357DA12B76BDD700606253 /* Feed API */,
			);
			path = EssentialDeveloper;
			sourceTree = "<group>";
		};
		1D357D902B741F2E00606253 /* EssentialDeveloperTests */ = {
			isa = PBXGroup;
			children = (
				1D357DA92B77965100606253 /* Feed API */,
			);
			path = EssentialDeveloperTests;
			sourceTree = "<group>";
		};
		1D357DA02B7585A000606253 /* Feed Feature */ = {
			isa = PBXGroup;
			children = (
				1D357D9C2B757C4D00606253 /* FeedItem.swift */,
				1D357D9E2B75841D00606253 /* FeedLoader.swift */,
			);
			path = "Feed Feature";
			sourceTree = "<group>";
		};
		1D357DA12B76BDD700606253 /* Feed API */ = {
			isa = PBXGroup;
			children = (
				1D357DA22B76BE1B00606253 /* RemoteFeedLoader.swift */,
				1D357DA52B77273A00606253 /* HTTPClient.swift */,
				1D357DA72B77279300606253 /* FeedItemsMapper.swift */,
			);
			path = "Feed API";
			sourceTree = "<group>";
		};
		1D357DA92B77965100606253 /* Feed API */ = {
			isa = PBXGroup;
			children = (
				1D357D912B741F2E00606253 /* RemoteFeedLoaderTests.swift */,
				1D357DAA2B77BDCA00606253 /* HTTPClientTests.swift */,
			);
			path = "Feed API";
			sourceTree = "<group>";
		};
/* End PBXGroup section */

/* Begin PBXHeadersBuildPhase section */
		1D357D7D2B741F2E00606253 /* Headers */ = {
			isa = PBXHeadersBuildPhase;
			buildActionMask = 2147483647;
			files = (
				1D357D932B741F2E00606253 /* EssentialDeveloper.h in Headers */,
			);
			runOnlyForDeploymentPostprocessing = 0;
		};
/* End PBXHeadersBuildPhase section */

/* Begin PBXNativeTarget section */
		1D357D812B741F2E00606253 /* EssentialDeveloper */ = {
			isa = PBXNativeTarget;
			buildConfigurationList = 1D357D962B741F2E00606253 /* Build configuration list for PBXNativeTarget "EssentialDeveloper" */;
			buildPhases = (
				1D357D7D2B741F2E00606253 /* Headers */,
				1D357D7E2B741F2E00606253 /* Sources */,
				1D357D7F2B741F2E00606253 /* Frameworks */,
				1D357D802B741F2E00606253 /* Resources */,
			);
			buildRules = (
			);
			dependencies = (
			);
			name = EssentialDeveloper;
			productName = EssentialDeveloper;
			productReference = 1D357D822B741F2E00606253 /* EssentialDeveloper.framework */;
			productType = "com.apple.product-type.framework";
		};
		1D357D8B2B741F2E00606253 /* EssentialDeveloperTests */ = {
			isa = PBXNativeTarget;
			buildConfigurationList = 1D357D992B741F2E00606253 /* Build configuration list for PBXNativeTarget "EssentialDeveloperTests" */;
			buildPhases = (
				1D357D882B741F2E00606253 /* Sources */,
				1D357D892B741F2E00606253 /* Frameworks */,
				1D357D8A2B741F2E00606253 /* Resources */,
			);
			buildRules = (
			);
			dependencies = (
				1D357D8F2B741F2E00606253 /* PBXTargetDependency */,
			);
			name = EssentialDeveloperTests;
			productName = EssentialDeveloperTests;
			productReference = 1D357D8C2B741F2E00606253 /* EssentialDeveloperTests.xctest */;
			productType = "com.apple.product-type.bundle.unit-test";
		};
/* End PBXNativeTarget section */

/* Begin PBXProject section */
		1D357D792B741F2E00606253 /* Project object */ = {
			isa = PBXProject;
			attributes = {
				BuildIndependentTargetsInParallel = 1;
				LastSwiftUpdateCheck = 1520;
				LastUpgradeCheck = 1520;
				TargetAttributes = {
					1D357D812B741F2E00606253 = {
						CreatedOnToolsVersion = 15.2;
						LastSwiftMigration = 1520;
					};
					1D357D8B2B741F2E00606253 = {
						CreatedOnToolsVersion = 15.2;
					};
				};
			};
			buildConfigurationList = 1D357D7C2B741F2E00606253 /* Build configuration list for PBXProject "EssentialDeveloper" */;
			compatibilityVersion = "Xcode 14.0";
			developmentRegion = en;
			hasScannedForEncodings = 0;
			knownRegions = (
				en,
				Base,
			);
			mainGroup = 1D357D782B741F2E00606253;
			productRefGroup = 1D357D832B741F2E00606253 /* Products */;
			projectDirPath = "";
			projectRoot = "";
			targets = (
				1D357D812B741F2E00606253 /* EssentialDeveloper */,
				1D357D8B2B741F2E00606253 /* EssentialDeveloperTests */,
			);
		};
/* End PBXProject section */

/* Begin PBXResourcesBuildPhase section */
		1D357D802B741F2E00606253 /* Resources */ = {
			isa = PBXResourcesBuildPhase;
			buildActionMask = 2147483647;
			files = (
			);
			runOnlyForDeploymentPostprocessing = 0;
		};
		1D357D8A2B741F2E00606253 /* Resources */ = {
			isa = PBXResourcesBuildPhase;
			buildActionMask = 2147483647;
			files = (
			);
			runOnlyForDeploymentPostprocessing = 0;
		};
/* End PBXResourcesBuildPhase section */

/* Begin PBXSourcesBuildPhase section */
		1D357D7E2B741F2E00606253 /* Sources */ = {
			isa = PBXSourcesBuildPhase;
			buildActionMask = 2147483647;
			files = (
				1D357DA82B77279300606253 /* FeedItemsMapper.swift in Sources */,
				1D357D9F2B75841D00606253 /* FeedLoader.swift in Sources */,
				1D357DA32B76BE1B00606253 /* RemoteFeedLoader.swift in Sources */,
				1D357DA62B77273A00606253 /* HTTPClient.swift in Sources */,
				1D357D9D2B757C4D00606253 /* FeedItem.swift in Sources */,
			);
			runOnlyForDeploymentPostprocessing = 0;
		};
		1D357D882B741F2E00606253 /* Sources */ = {
			isa = PBXSourcesBuildPhase;
			buildActionMask = 2147483647;
			files = (
				1D357DAB2B77BDCA00606253 /* HTTPClientTests.swift in Sources */,
				1D357D922B741F2E00606253 /* RemoteFeedLoaderTests.swift in Sources */,
			);
			runOnlyForDeploymentPostprocessing = 0;
		};
/* End PBXSourcesBuildPhase section */

/* Begin PBXTargetDependency section */
		1D357D8F2B741F2E00606253 /* PBXTargetDependency */ = {
			isa = PBXTargetDependency;
			target = 1D357D812B741F2E00606253 /* EssentialDeveloper */;
			targetProxy = 1D357D8E2B741F2E00606253 /* PBXContainerItemProxy */;
		};
/* End PBXTargetDependency section */

/* Begin XCBuildConfiguration section */
		1D357D942B741F2E00606253 /* Debug */ = {
			isa = XCBuildConfiguration;
			buildSettings = {
				ALWAYS_SEARCH_USER_PATHS = NO;
				ASSETCATALOG_COMPILER_GENERATE_SWIFT_ASSET_SYMBOL_EXTENSIONS = YES;
				CLANG_ANALYZER_NONNULL = YES;
				CLANG_ANALYZER_NUMBER_OBJECT_CONVERSION = YES_AGGRESSIVE;
				CLANG_CXX_LANGUAGE_STANDARD = "gnu++20";
				CLANG_ENABLE_MODULES = YES;
				CLANG_ENABLE_OBJC_ARC = YES;
				CLANG_ENABLE_OBJC_WEAK = YES;
				CLANG_WARN_BLOCK_CAPTURE_AUTORELEASING = YES;
				CLANG_WARN_BOOL_CONVERSION = YES;
				CLANG_WARN_COMMA = YES;
				CLANG_WARN_CONSTANT_CONVERSION = YES;
				CLANG_WARN_DEPRECATED_OBJC_IMPLEMENTATIONS = YES;
				CLANG_WARN_DIRECT_OBJC_ISA_USAGE = YES_ERROR;
				CLANG_WARN_DOCUMENTATION_COMMENTS = YES;
				CLANG_WARN_EMPTY_BODY = YES;
				CLANG_WARN_ENUM_CONVERSION = YES;
				CLANG_WARN_INFINITE_RECURSION = YES;
				CLANG_WARN_INT_CONVERSION = YES;
				CLANG_WARN_NON_LITERAL_NULL_CONVERSION = YES;
				CLANG_WARN_OBJC_IMPLICIT_RETAIN_SELF = YES;
				CLANG_WARN_OBJC_LITERAL_CONVERSION = YES;
				CLANG_WARN_OBJC_ROOT_CLASS = YES_ERROR;
				CLANG_WARN_QUOTED_INCLUDE_IN_FRAMEWORK_HEADER = YES;
				CLANG_WARN_RANGE_LOOP_ANALYSIS = YES;
				CLANG_WARN_STRICT_PROTOTYPES = YES;
				CLANG_WARN_SUSPICIOUS_MOVE = YES;
				CLANG_WARN_UNGUARDED_AVAILABILITY = YES_AGGRESSIVE;
				CLANG_WARN_UNREACHABLE_CODE = YES;
				CLANG_WARN__DUPLICATE_METHOD_MATCH = YES;
				COPY_PHASE_STRIP = NO;
				CURRENT_PROJECT_VERSION = 1;
				DEBUG_INFORMATION_FORMAT = dwarf;
				ENABLE_STRICT_OBJC_MSGSEND = YES;
				ENABLE_TESTABILITY = YES;
				ENABLE_USER_SCRIPT_SANDBOXING = YES;
				GCC_C_LANGUAGE_STANDARD = gnu17;
				GCC_DYNAMIC_NO_PIC = NO;
				GCC_NO_COMMON_BLOCKS = YES;
				GCC_OPTIMIZATION_LEVEL = 0;
				GCC_PREPROCESSOR_DEFINITIONS = (
					"DEBUG=1",
					"$(inherited)",
				);
				GCC_WARN_64_TO_32_BIT_CONVERSION = YES;
				GCC_WARN_ABOUT_RETURN_TYPE = YES_ERROR;
				GCC_WARN_UNDECLARED_SELECTOR = YES;
				GCC_WARN_UNINITIALIZED_AUTOS = YES_AGGRESSIVE;
				GCC_WARN_UNUSED_FUNCTION = YES;
				GCC_WARN_UNUSED_VARIABLE = YES;
				LOCALIZATION_PREFERS_STRING_CATALOGS = YES;
				MACOSX_DEPLOYMENT_TARGET = 13.6;
				MTL_ENABLE_DEBUG_INFO = INCLUDE_SOURCE;
				MTL_FAST_MATH = YES;
				ONLY_ACTIVE_ARCH = YES;
				SDKROOT = macosx;
				SWIFT_ACTIVE_COMPILATION_CONDITIONS = "DEBUG $(inherited)";
				SWIFT_OPTIMIZATION_LEVEL = "-Onone";
				VERSIONING_SYSTEM = "apple-generic";
				VERSION_INFO_PREFIX = "";
			};
			name = Debug;
		};
		1D357D952B741F2E00606253 /* Release */ = {
			isa = XCBuildConfiguration;
			buildSettings = {
				ALWAYS_SEARCH_USER_PATHS = NO;
				ASSETCATALOG_COMPILER_GENERATE_SWIFT_ASSET_SYMBOL_EXTENSIONS = YES;
				CLANG_ANALYZER_NONNULL = YES;
				CLANG_ANALYZER_NUMBER_OBJECT_CONVERSION = YES_AGGRESSIVE;
				CLANG_CXX_LANGUAGE_STANDARD = "gnu++20";
				CLANG_ENABLE_MODULES = YES;
				CLANG_ENABLE_OBJC_ARC = YES;
				CLANG_ENABLE_OBJC_WEAK = YES;
				CLANG_WARN_BLOCK_CAPTURE_AUTORELEASING = YES;
				CLANG_WARN_BOOL_CONVERSION = YES;
				CLANG_WARN_COMMA = YES;
				CLANG_WARN_CONSTANT_CONVERSION = YES;
				CLANG_WARN_DEPRECATED_OBJC_IMPLEMENTATIONS = YES;
				CLANG_WARN_DIRECT_OBJC_ISA_USAGE = YES_ERROR;
				CLANG_WARN_DOCUMENTATION_COMMENTS = YES;
				CLANG_WARN_EMPTY_BODY = YES;
				CLANG_WARN_ENUM_CONVERSION = YES;
				CLANG_WARN_INFINITE_RECURSION = YES;
				CLANG_WARN_INT_CONVERSION = YES;
				CLANG_WARN_NON_LITERAL_NULL_CONVERSION = YES;
				CLANG_WARN_OBJC_IMPLICIT_RETAIN_SELF = YES;
				CLANG_WARN_OBJC_LITERAL_CONVERSION = YES;
				CLANG_WARN_OBJC_ROOT_CLASS = YES_ERROR;
				CLANG_WARN_QUOTED_INCLUDE_IN_FRAMEWORK_HEADER = YES;
				CLANG_WARN_RANGE_LOOP_ANALYSIS = YES;
				CLANG_WARN_STRICT_PROTOTYPES = YES;
				CLANG_WARN_SUSPICIOUS_MOVE = YES;
				CLANG_WARN_UNGUARDED_AVAILABILITY = YES_AGGRESSIVE;
				CLANG_WARN_UNREACHABLE_CODE = YES;
				CLANG_WARN__DUPLICATE_METHOD_MATCH = YES;
				COPY_PHASE_STRIP = NO;
				CURRENT_PROJECT_VERSION = 1;
				DEBUG_INFORMATION_FORMAT = "dwarf-with-dsym";
				ENABLE_NS_ASSERTIONS = NO;
				ENABLE_STRICT_OBJC_MSGSEND = YES;
				ENABLE_USER_SCRIPT_SANDBOXING = YES;
				GCC_C_LANGUAGE_STANDARD = gnu17;
				GCC_NO_COMMON_BLOCKS = YES;
				GCC_WARN_64_TO_32_BIT_CONVERSION = YES;
				GCC_WARN_ABOUT_RETURN_TYPE = YES_ERROR;
				GCC_WARN_UNDECLARED_SELECTOR = YES;
				GCC_WARN_UNINITIALIZED_AUTOS = YES_AGGRESSIVE;
				GCC_WARN_UNUSED_FUNCTION = YES;
				GCC_WARN_UNUSED_VARIABLE = YES;
				LOCALIZATION_PREFERS_STRING_CATALOGS = YES;
				MACOSX_DEPLOYMENT_TARGET = 13.6;
				MTL_ENABLE_DEBUG_INFO = NO;
				MTL_FAST_MATH = YES;
				SDKROOT = macosx;
				SWIFT_COMPILATION_MODE = wholemodule;
				VERSIONING_SYSTEM = "apple-generic";
				VERSION_INFO_PREFIX = "";
			};
			name = Release;
		};
		1D357D972B741F2E00606253 /* Debug */ = {
			isa = XCBuildConfiguration;
			buildSettings = {
				CLANG_ENABLE_MODULES = YES;
				CODE_SIGN_STYLE = Automatic;
				COMBINE_HIDPI_IMAGES = YES;
				CURRENT_PROJECT_VERSION = 1;
				DEFINES_MODULE = YES;
				DEVELOPMENT_TEAM = 26D65H4NM7;
				DYLIB_COMPATIBILITY_VERSION = 1;
				DYLIB_CURRENT_VERSION = 1;
				DYLIB_INSTALL_NAME_BASE = "@rpath";
				ENABLE_MODULE_VERIFIER = YES;
				GENERATE_INFOPLIST_FILE = YES;
				INFOPLIST_KEY_NSHumanReadableCopyright = "";
				INSTALL_PATH = "$(LOCAL_LIBRARY_DIR)/Frameworks";
				LD_RUNPATH_SEARCH_PATHS = (
					"$(inherited)",
					"@executable_path/../Frameworks",
					"@loader_path/Frameworks",
				);
				MARKETING_VERSION = 1.0;
				MODULE_VERIFIER_SUPPORTED_LANGUAGES = "objective-c objective-c++";
				MODULE_VERIFIER_SUPPORTED_LANGUAGE_STANDARDS = "gnu17 gnu++20";
				PRODUCT_BUNDLE_IDENTIFIER = com.hfbatista.EssentialDeveloper;
				PRODUCT_NAME = "$(TARGET_NAME:c99extidentifier)";
				SKIP_INSTALL = YES;
				SWIFT_EMIT_LOC_STRINGS = YES;
				SWIFT_OPTIMIZATION_LEVEL = "-Onone";
				SWIFT_VERSION = 5.0;
			};
			name = Debug;
		};
		1D357D982B741F2E00606253 /* Release */ = {
			isa = XCBuildConfiguration;
			buildSettings = {
				CLANG_ENABLE_MODULES = YES;
				CODE_SIGN_STYLE = Automatic;
				COMBINE_HIDPI_IMAGES = YES;
				CURRENT_PROJECT_VERSION = 1;
				DEFINES_MODULE = YES;
				DEVELOPMENT_TEAM = 26D65H4NM7;
				DYLIB_COMPATIBILITY_VERSION = 1;
				DYLIB_CURRENT_VERSION = 1;
				DYLIB_INSTALL_NAME_BASE = "@rpath";
				ENABLE_MODULE_VERIFIER = YES;
				GENERATE_INFOPLIST_FILE = YES;
				INFOPLIST_KEY_NSHumanReadableCopyright = "";
				INSTALL_PATH = "$(LOCAL_LIBRARY_DIR)/Frameworks";
				LD_RUNPATH_SEARCH_PATHS = (
					"$(inherited)",
					"@executable_path/../Frameworks",
					"@loader_path/Frameworks",
				);
				MARKETING_VERSION = 1.0;
				MODULE_VERIFIER_SUPPORTED_LANGUAGES = "objective-c objective-c++";
				MODULE_VERIFIER_SUPPORTED_LANGUAGE_STANDARDS = "gnu17 gnu++20";
				PRODUCT_BUNDLE_IDENTIFIER = com.hfbatista.EssentialDeveloper;
				PRODUCT_NAME = "$(TARGET_NAME:c99extidentifier)";
				SKIP_INSTALL = YES;
				SWIFT_EMIT_LOC_STRINGS = YES;
				SWIFT_VERSION = 5.0;
			};
			name = Release;
		};
		1D357D9A2B741F2E00606253 /* Debug */ = {
			isa = XCBuildConfiguration;
			buildSettings = {
				ALWAYS_EMBED_SWIFT_STANDARD_LIBRARIES = YES;
				CODE_SIGN_STYLE = Automatic;
				CURRENT_PROJECT_VERSION = 1;
				DEVELOPMENT_TEAM = 26D65H4NM7;
				GENERATE_INFOPLIST_FILE = YES;
				MARKETING_VERSION = 1.0;
				PRODUCT_BUNDLE_IDENTIFIER = com.hfbatista.EssentialDeveloperTests;
				PRODUCT_NAME = "$(TARGET_NAME)";
				SWIFT_EMIT_LOC_STRINGS = NO;
				SWIFT_VERSION = 5.0;
			};
			name = Debug;
		};
		1D357D9B2B741F2E00606253 /* Release */ = {
			isa = XCBuildConfiguration;
			buildSettings = {
				ALWAYS_EMBED_SWIFT_STANDARD_LIBRARIES = YES;
				CODE_SIGN_STYLE = Automatic;
				CURRENT_PROJECT_VERSION = 1;
				DEVELOPMENT_TEAM = 26D65H4NM7;
				GENERATE_INFOPLIST_FILE = YES;
				MARKETING_VERSION = 1.0;
				PRODUCT_BUNDLE_IDENTIFIER = com.hfbatista.EssentialDeveloperTests;
				PRODUCT_NAME = "$(TARGET_NAME)";
				SWIFT_EMIT_LOC_STRINGS = NO;
				SWIFT_VERSION = 5.0;
			};
			name = Release;
		};
/* End XCBuildConfiguration section */

/* Begin XCConfigurationList section */
		1D357D7C2B741F2E00606253 /* Build configuration list for PBXProject "EssentialDeveloper" */ = {
			isa = XCConfigurationList;
			buildConfigurations = (
				1D357D942B741F2E00606253 /* Debug */,
				1D357D952B741F2E00606253 /* Release */,
			);
			defaultConfigurationIsVisible = 0;
			defaultConfigurationName = Release;
		};
		1D357D962B741F2E00606253 /* Build configuration list for PBXNativeTarget "EssentialDeveloper" */ = {
			isa = XCConfigurationList;
			buildConfigurations = (
				1D357D972B741F2E00606253 /* Debug */,
				1D357D982B741F2E00606253 /* Release */,
			);
			defaultConfigurationIsVisible = 0;
			defaultConfigurationName = Release;
		};
		1D357D992B741F2E00606253 /* Build configuration list for PBXNativeTarget "EssentialDeveloperTests" */ = {
			isa = XCConfigurationList;
			buildConfigurations = (
				1D357D9A2B741F2E00606253 /* Debug */,
				1D357D9B2B741F2E00606253 /* Release */,
			);
			defaultConfigurationIsVisible = 0;
			defaultConfigurationName = Release;
		};
/* End XCConfigurationList section */
	};
	rootObject = 1D357D792B741F2E00606253 /* Project object */;
}
